Microsoft Visual Studio Solution File, Format Version 8.00
Project("{8BC9CEB8-8B4A-11D0-8D11-00A0C91BC942}") = "Debug", "Debug.vcproj", "{6073361E-844B-455A-8A14-0C83B5BD5165}"
	ProjectSection(ProjectDependencies) = postProject
		{A7F082A0-4C2E-4DA8-A663-7339D8112380} = {A7F082A0-4C2E-4DA8-A663-7339D8112380}
		{9C4BA5A0-E5E5-4EFA-ACF0-06154F1862E4} = {9C4BA5A0-E5E5-4EFA-ACF0-06154F1862E4}
	EndProjectSection
EndProject
Project("{8BC9CEB8-8B4A-11D0-8D11-00A0C91BC942}") = "GLG3D", "GLG3D.vcproj", "{9C4BA5A0-E5E5-4EFA-ACF0-06154F1862E4}"
	ProjectSection(ProjectDependencies) = postProject
		{A7F082A0-4C2E-4DA8-A663-7339D8112380} = {A7F082A0-4C2E-4DA8-A663-7339D8112380}
	EndProjectSection
EndProject
Project("{8BC9CEB8-8B4A-11D0-8D11-00A0C91BC942}") = "doc", "doc.vcproj", "{BC1EB8E5-5165-430D-AE1C-01367F87857C}"
	ProjectSection(ProjectDependencies) = postProject
	EndProjectSection
EndProject
Project("{8BC9CEB8-8B4A-11D0-8D11-00A0C91BC942}") = "gfxmeter", "gfxmeter\gfxmeter.vcproj", "{2B247A21-6B57-4993-9EA8-1CED877F7B60}"
	ProjectSection(ProjectDependencies) = postProject
		{A7F082A0-4C2E-4DA8-A663-7339D8112380} = {A7F082A0-4C2E-4DA8-A663-7339D8112380}
		{9C4BA5A0-E5E5-4EFA-ACF0-06154F1862E4} = {9C4BA5A0-E5E5-4EFA-ACF0-06154F1862E4}
	EndProjectSection
EndProject
Project("{8BC9CEB8-8B4A-11D0-8D11-00A0C91BC942}") = "graphics3D", "graphics3D.vcproj", "{A7F082A0-4C2E-4DA8-A663-7339D8112380}"
	ProjectSection(ProjectDependencies) = postProject
		{45ED9297-B57B-422D-8FAF-44E863373608} = {45ED9297-B57B-422D-8FAF-44E863373608}
	EndProjectSection
EndProject
Project("{8BC9CEB8-8B4A-11D0-8D11-00A0C91BC942}") = "test", "test\test.vcproj", "{406EF502-BCD8-44E9-9930-8BECC683760A}"
	ProjectSection(ProjectDependencies) = postProject
		{A7F082A0-4C2E-4DA8-A663-7339D8112380} = {A7F082A0-4C2E-4DA8-A663-7339D8112380}
		{9C4BA5A0-E5E5-4EFA-ACF0-06154F1862E4} = {9C4BA5A0-E5E5-4EFA-ACF0-06154F1862E4}
	EndProjectSection
EndProject
Project("{8BC9CEB8-8B4A-11D0-8D11-00A0C91BC942}") = "zlib", "zlib\zlib.vcproj", "{45ED9297-B57B-422D-8FAF-44E863373608}"
	ProjectSection(ProjectDependencies) = postProject
	EndProjectSection
EndProject
Global
	GlobalSection(SolutionConfiguration) = preSolution
		Debug = Debug
		Release = Release
	EndGlobalSection
	GlobalSection(ProjectConfiguration) = postSolution
		{6073361E-844B-455A-8A14-0C83B5BD5165}.Debug.ActiveCfg = Debug|Win32
		{6073361E-844B-455A-8A14-0C83B5BD5165}.Debug.Build.0 = Debug|Win32
		{6073361E-844B-455A-8A14-0C83B5BD5165}.Release.ActiveCfg = Release|Win32
		{6073361E-844B-455A-8A14-0C83B5BD5165}.Release.Build.0 = Release|Win32
		{9C4BA5A0-E5E5-4EFA-ACF0-06154F1862E4}.Debug.ActiveCfg = Debug|Win32
		{9C4BA5A0-E5E5-4EFA-ACF0-06154F1862E4}.Debug.Build.0 = Debug|Win32
		{9C4BA5A0-E5E5-4EFA-ACF0-06154F1862E4}.Release.ActiveCfg = Release|Win32
		{9C4BA5A0-E5E5-4EFA-ACF0-06154F1862E4}.Release.Build.0 = Release|Win32
		{BC1EB8E5-5165-430D-AE1C-01367F87857C}.Debug.ActiveCfg = Debug|Win32
		{BC1EB8E5-5165-430D-AE1C-01367F87857C}.Debug.Build.0 = Debug|Win32
		{BC1EB8E5-5165-430D-AE1C-01367F87857C}.Release.ActiveCfg = Release|Win32
		{BC1EB8E5-5165-430D-AE1C-01367F87857C}.Release.Build.0 = Release|Win32
		{2B247A21-6B57-4993-9EA8-1CED877F7B60}.Debug.ActiveCfg = Debug|Win32
		{2B247A21-6B57-4993-9EA8-1CED877F7B60}.Debug.Build.0 = Debug|Win32
		{2B247A21-6B57-4993-9EA8-1CED877F7B60}.Release.ActiveCfg = Release|Win32
		{2B247A21-6B57-4993-9EA8-1CED877F7B60}.Release.Build.0 = Release|Win32
		{A7F082A0-4C2E-4DA8-A663-7339D8112380}.Debug.ActiveCfg = Debug|Win32
		{A7F082A0-4C2E-4DA8-A663-7339D8112380}.Debug.Build.0 = Debug|Win32
		{A7F082A0-4C2E-4DA8-A663-7339D8112380}.Release.ActiveCfg = Release|Win32
		{A7F082A0-4C2E-4DA8-A663-7339D8112380}.Release.Build.0 = Release|Win32
		{406EF502-BCD8-44E9-9930-8BECC683760A}.Debug.ActiveCfg = Debug|Win32
		{406EF502-BCD8-44E9-9930-8BECC683760A}.Debug.Build.0 = Debug|Win32
		{406EF502-BCD8-44E9-9930-8BECC683760A}.Release.ActiveCfg = Release|Win32
		{406EF502-BCD8-44E9-9930-8BECC683760A}.Release.Build.0 = Release|Win32
		{45ED9297-B57B-422D-8FAF-44E863373608}.Debug.ActiveCfg = Release|Win32
		{45ED9297-B57B-422D-8FAF-44E863373608}.Debug.Build.0 = Release|Win32
		{45ED9297-B57B-422D-8FAF-44E863373608}.Release.ActiveCfg = Release|Win32
		{45ED9297-B57B-422D-8FAF-44E863373608}.Release.Build.0 = Release|Win32
	EndGlobalSection
	GlobalSection(ExtensibilityGlobals) = postSolution
	EndGlobalSection
	GlobalSection(ExtensibilityAddIns) = postSolution
	EndGlobalSection
EndGlobal
