Microsoft Visual Studio Solution File, Format Version 8.00
Project("{8BC9CEB8-8B4A-11D0-8D11-00A0C91BC942}") = "Debug", "Debug.vcproj", "{C845E6D6-71A7-4394-942C-DAACB76B0129}"
	ProjectSection(ProjectDependencies) = postProject
		{E663C601-46F5-4F69-9EDA-EE74D45F5A1B} = {E663C601-46F5-4F69-9EDA-EE74D45F5A1B}
		{89EDD160-98BE-471B-8B42-C108DE5B21A0} = {89EDD160-98BE-471B-8B42-C108DE5B21A0}
	EndProjectSection
EndProject
Project("{8BC9CEB8-8B4A-11D0-8D11-00A0C91BC942}") = "GLG3D", "GLG3D.vcproj", "{89EDD160-98BE-471B-8B42-C108DE5B21A0}"
	ProjectSection(ProjectDependencies) = postProject
		{E663C601-46F5-4F69-9EDA-EE74D45F5A1B} = {E663C601-46F5-4F69-9EDA-EE74D45F5A1B}
	EndProjectSection
EndProject
Project("{8BC9CEB8-8B4A-11D0-8D11-00A0C91BC942}") = "doc", "doc.vcproj", "{94DA3BAB-5F14-4DA0-89EF-8EFE28411084}"
	ProjectSection(ProjectDependencies) = postProject
	EndProjectSection
EndProject
Project("{8BC9CEB8-8B4A-11D0-8D11-00A0C91BC942}") = "gfxmeter", "gfxmeter\gfxmeter.vcproj", "{06151D6A-747A-4F83-901D-D701D0EBABF8}"
	ProjectSection(ProjectDependencies) = postProject
		{E663C601-46F5-4F69-9EDA-EE74D45F5A1B} = {E663C601-46F5-4F69-9EDA-EE74D45F5A1B}
		{89EDD160-98BE-471B-8B42-C108DE5B21A0} = {89EDD160-98BE-471B-8B42-C108DE5B21A0}
	EndProjectSection
EndProject
Project("{8BC9CEB8-8B4A-11D0-8D11-00A0C91BC942}") = "graphics3D", "graphics3D.vcproj", "{E663C601-46F5-4F69-9EDA-EE74D45F5A1B}"
	ProjectSection(ProjectDependencies) = postProject
		{FBBAFE48-C9C5-4C2D-B192-BD0FA4577EDC} = {FBBAFE48-C9C5-4C2D-B192-BD0FA4577EDC}
	EndProjectSection
EndProject
Project("{8BC9CEB8-8B4A-11D0-8D11-00A0C91BC942}") = "test", "test\test.vcproj", "{9E7AD8AF-191C-4544-8513-60AB0E23B09C}"
	ProjectSection(ProjectDependencies) = postProject
		{E663C601-46F5-4F69-9EDA-EE74D45F5A1B} = {E663C601-46F5-4F69-9EDA-EE74D45F5A1B}
		{89EDD160-98BE-471B-8B42-C108DE5B21A0} = {89EDD160-98BE-471B-8B42-C108DE5B21A0}
	EndProjectSection
EndProject
Project("{8BC9CEB8-8B4A-11D0-8D11-00A0C91BC942}") = "zlib", "zlib\zlib.vcproj", "{FBBAFE48-C9C5-4C2D-B192-BD0FA4577EDC}"
	ProjectSection(ProjectDependencies) = postProject
	EndProjectSection
EndProject
Global
	GlobalSection(SolutionConfiguration) = preSolution
		Debug = Debug
		Release = Release
	EndGlobalSection
	GlobalSection(ProjectConfiguration) = postSolution
		{C845E6D6-71A7-4394-942C-DAACB76B0129}.Debug.ActiveCfg = Debug|Win32
		{C845E6D6-71A7-4394-942C-DAACB76B0129}.Debug.Build.0 = Debug|Win32
		{C845E6D6-71A7-4394-942C-DAACB76B0129}.Release.ActiveCfg = Release|Win32
		{C845E6D6-71A7-4394-942C-DAACB76B0129}.Release.Build.0 = Release|Win32
		{89EDD160-98BE-471B-8B42-C108DE5B21A0}.Debug.ActiveCfg = Debug|Win32
		{89EDD160-98BE-471B-8B42-C108DE5B21A0}.Debug.Build.0 = Debug|Win32
		{89EDD160-98BE-471B-8B42-C108DE5B21A0}.Release.ActiveCfg = Release|Win32
		{89EDD160-98BE-471B-8B42-C108DE5B21A0}.Release.Build.0 = Release|Win32
		{94DA3BAB-5F14-4DA0-89EF-8EFE28411084}.Debug.ActiveCfg = Debug|Win32
		{94DA3BAB-5F14-4DA0-89EF-8EFE28411084}.Debug.Build.0 = Debug|Win32
		{94DA3BAB-5F14-4DA0-89EF-8EFE28411084}.Release.ActiveCfg = Release|Win32
		{94DA3BAB-5F14-4DA0-89EF-8EFE28411084}.Release.Build.0 = Release|Win32
		{06151D6A-747A-4F83-901D-D701D0EBABF8}.Debug.ActiveCfg = Debug|Win32
		{06151D6A-747A-4F83-901D-D701D0EBABF8}.Debug.Build.0 = Debug|Win32
		{06151D6A-747A-4F83-901D-D701D0EBABF8}.Release.ActiveCfg = Release|Win32
		{06151D6A-747A-4F83-901D-D701D0EBABF8}.Release.Build.0 = Release|Win32
		{E663C601-46F5-4F69-9EDA-EE74D45F5A1B}.Debug.ActiveCfg = Debug|Win32
		{E663C601-46F5-4F69-9EDA-EE74D45F5A1B}.Debug.Build.0 = Debug|Win32
		{E663C601-46F5-4F69-9EDA-EE74D45F5A1B}.Release.ActiveCfg = Release|Win32
		{E663C601-46F5-4F69-9EDA-EE74D45F5A1B}.Release.Build.0 = Release|Win32
		{9E7AD8AF-191C-4544-8513-60AB0E23B09C}.Debug.ActiveCfg = Debug|Win32
		{9E7AD8AF-191C-4544-8513-60AB0E23B09C}.Debug.Build.0 = Debug|Win32
		{9E7AD8AF-191C-4544-8513-60AB0E23B09C}.Release.ActiveCfg = Release|Win32
		{9E7AD8AF-191C-4544-8513-60AB0E23B09C}.Release.Build.0 = Release|Win32
		{FBBAFE48-C9C5-4C2D-B192-BD0FA4577EDC}.Debug.ActiveCfg = Release|Win32
		{FBBAFE48-C9C5-4C2D-B192-BD0FA4577EDC}.Debug.Build.0 = Release|Win32
		{FBBAFE48-C9C5-4C2D-B192-BD0FA4577EDC}.Release.ActiveCfg = Release|Win32
		{FBBAFE48-C9C5-4C2D-B192-BD0FA4577EDC}.Release.Build.0 = Release|Win32
	EndGlobalSection
	GlobalSection(ExtensibilityGlobals) = postSolution
	EndGlobalSection
	GlobalSection(ExtensibilityAddIns) = postSolution
	EndGlobalSection
EndGlobal
