Microsoft Visual Studio Solution File, Format Version 8.00
Project("{8BC9CEB8-8B4A-11D0-8D11-00A0C91BC942}") = "Debug", "Debug.vcproj", "{02CB4597-2B98-4F6C-9CF1-5AB61D240859}"
	ProjectSection(ProjectDependencies) = postProject
	EndProjectSection
EndProject
Project("{8BC9CEB8-8B4A-11D0-8D11-00A0C91BC942}") = "GLG3D", "GLG3D.vcproj", "{EBA3994C-28B0-4648-9AF0-ED3D5156536A}"
	ProjectSection(ProjectDependencies) = postProject
		{0BEA0651-5728-4856-B4DB-12611C7CF65A} = {0BEA0651-5728-4856-B4DB-12611C7CF65A}
	EndProjectSection
EndProject
Project("{8BC9CEB8-8B4A-11D0-8D11-00A0C91BC942}") = "Test", "Test.vcproj", "{03DBD746-0418-408D-A3AD-137940A8551C}"
	ProjectSection(ProjectDependencies) = postProject
		{EBA3994C-28B0-4648-9AF0-ED3D5156536A} = {EBA3994C-28B0-4648-9AF0-ED3D5156536A}
		{0BEA0651-5728-4856-B4DB-12611C7CF65A} = {0BEA0651-5728-4856-B4DB-12611C7CF65A}
	EndProjectSection
EndProject
Project("{8BC9CEB8-8B4A-11D0-8D11-00A0C91BC942}") = "doc", "doc.vcproj", "{7FFDCDAE-80EC-4A99-9569-5E59837147AB}"
	ProjectSection(ProjectDependencies) = postProject
	EndProjectSection
EndProject
Project("{8BC9CEB8-8B4A-11D0-8D11-00A0C91BC942}") = "graphics3D", "graphics3D.vcproj", "{0BEA0651-5728-4856-B4DB-12611C7CF65A}"
	ProjectSection(ProjectDependencies) = postProject
	EndProjectSection
EndProject
Global
	GlobalSection(SolutionConfiguration) = preSolution
		Debug = Debug
		Release = Release
	EndGlobalSection
	GlobalSection(ProjectConfiguration) = postSolution
		{02CB4597-2B98-4F6C-9CF1-5AB61D240859}.Debug.ActiveCfg = Debug|Win32
		{02CB4597-2B98-4F6C-9CF1-5AB61D240859}.Debug.Build.0 = Debug|Win32
		{02CB4597-2B98-4F6C-9CF1-5AB61D240859}.Release.ActiveCfg = Release|Win32
		{02CB4597-2B98-4F6C-9CF1-5AB61D240859}.Release.Build.0 = Release|Win32
		{EBA3994C-28B0-4648-9AF0-ED3D5156536A}.Debug.ActiveCfg = Debug|Win32
		{EBA3994C-28B0-4648-9AF0-ED3D5156536A}.Debug.Build.0 = Debug|Win32
		{EBA3994C-28B0-4648-9AF0-ED3D5156536A}.Release.ActiveCfg = Release|Win32
		{EBA3994C-28B0-4648-9AF0-ED3D5156536A}.Release.Build.0 = Release|Win32
		{03DBD746-0418-408D-A3AD-137940A8551C}.Debug.ActiveCfg = Debug|Win32
		{03DBD746-0418-408D-A3AD-137940A8551C}.Debug.Build.0 = Debug|Win32
		{03DBD746-0418-408D-A3AD-137940A8551C}.Release.ActiveCfg = Release|Win32
		{03DBD746-0418-408D-A3AD-137940A8551C}.Release.Build.0 = Release|Win32
		{7FFDCDAE-80EC-4A99-9569-5E59837147AB}.Debug.ActiveCfg = Debug|Win32
		{7FFDCDAE-80EC-4A99-9569-5E59837147AB}.Debug.Build.0 = Debug|Win32
		{7FFDCDAE-80EC-4A99-9569-5E59837147AB}.Release.ActiveCfg = Release|Win32
		{7FFDCDAE-80EC-4A99-9569-5E59837147AB}.Release.Build.0 = Release|Win32
		{0BEA0651-5728-4856-B4DB-12611C7CF65A}.Debug.ActiveCfg = Debug|Win32
		{0BEA0651-5728-4856-B4DB-12611C7CF65A}.Debug.Build.0 = Debug|Win32
		{0BEA0651-5728-4856-B4DB-12611C7CF65A}.Release.ActiveCfg = Release|Win32
		{0BEA0651-5728-4856-B4DB-12611C7CF65A}.Release.Build.0 = Release|Win32
	EndGlobalSection
	GlobalSection(ExtensibilityGlobals) = postSolution
	EndGlobalSection
	GlobalSection(ExtensibilityAddIns) = postSolution
	EndGlobalSection
EndGlobal
